
Microsoft Visual Studio Solution File, Format Version 12.00
# Visual Studio Version 17
VisualStudioVersion = 17.0.32112.339
MinimumVisualStudioVersion = 10.0.40219.1
Project("{FAE04EC0-301F-11D3-BF4B-00C04F79EFBC}") = "P01_BillsPaymentSystem.App", "P01_BillsPaymentSystem.App\P01_BillsPaymentSystem.App.csproj", "{6148E96B-3BEB-4839-B20B-927AB2628081}"
EndProject
Project("{FAE04EC0-301F-11D3-BF4B-00C04F79EFBC}") = "P01_BillsPaymentSystem.Data", "P01_BillsPaymentSystem.Data\P01_BillsPaymentSystem.Data.csproj", "{44B51D25-8E10-4996-8D69-700DC0A27AF1}"
EndProject
Project("{FAE04EC0-301F-11D3-BF4B-00C04F79EFBC}") = "P01_BillsPaymentSystem.Data.Models", "P01_BillsPaymentSystem.Data.Models\P01_BillsPaymentSystem.Data.Models.csproj", "{EBD2D272-9611-440C-AE15-6BC173B66043}"
EndProject
Project("{FAE04EC0-301F-11D3-BF4B-00C04F79EFBC}") = "P01_BillsPaymentSystem.Initialize", "P01_BillsPaymentSystem.Initialize\P01_BillsPaymentSystem.Initialize.csproj", "{C344EC81-9004-4243-A77D-306954F9573C}"
EndProject
Global
	GlobalSection(SolutionConfigurationPlatforms) = preSolution
		Debug|Any CPU = Debug|Any CPU
		Release|Any CPU = Release|Any CPU
	EndGlobalSection
	GlobalSection(ProjectConfigurationPlatforms) = postSolution
		{6148E96B-3BEB-4839-B20B-927AB2628081}.Debug|Any CPU.ActiveCfg = Debug|Any CPU
		{6148E96B-3BEB-4839-B20B-927AB2628081}.Debug|Any CPU.Build.0 = Debug|Any CPU
		{6148E96B-3BEB-4839-B20B-927AB2628081}.Release|Any CPU.ActiveCfg = Release|Any CPU
		{6148E96B-3BEB-4839-B20B-927AB2628081}.Release|Any CPU.Build.0 = Release|Any CPU
		{44B51D25-8E10-4996-8D69-700DC0A27AF1}.Debug|Any CPU.ActiveCfg = Debug|Any CPU
		{44B51D25-8E10-4996-8D69-700DC0A27AF1}.Debug|Any CPU.Build.0 = Debug|Any CPU
		{44B51D25-8E10-4996-8D69-700DC0A27AF1}.Release|Any CPU.ActiveCfg = Release|Any CPU
		{44B51D25-8E10-4996-8D69-700DC0A27AF1}.Release|Any CPU.Build.0 = Release|Any CPU
		{EBD2D272-9611-440C-AE15-6BC173B66043}.Debug|Any CPU.ActiveCfg = Debug|Any CPU
		{EBD2D272-9611-440C-AE15-6BC173B66043}.Debug|Any CPU.Build.0 = Debug|Any CPU
		{EBD2D272-9611-440C-AE15-6BC173B66043}.Release|Any CPU.ActiveCfg = Release|Any CPU
		{EBD2D272-9611-440C-AE15-6BC173B66043}.Release|Any CPU.Build.0 = Release|Any CPU
		{C344EC81-9004-4243-A77D-306954F9573C}.Debug|Any CPU.ActiveCfg = Debug|Any CPU
		{C344EC81-9004-4243-A77D-306954F9573C}.Debug|Any CPU.Build.0 = Debug|Any CPU
		{C344EC81-9004-4243-A77D-306954F9573C}.Release|Any CPU.ActiveCfg = Release|Any CPU
		{C344EC81-9004-4243-A77D-306954F9573C}.Release|Any CPU.Build.0 = Release|Any CPU
	EndGlobalSection
	GlobalSection(SolutionProperties) = preSolution
		HideSolutionNode = FALSE
	EndGlobalSection
	GlobalSection(ExtensibilityGlobals) = postSolution
		SolutionGuid = {B87B356D-550B-4DBF-B8A0-B2C37C710F3B}
	EndGlobalSection
EndGlobal
