
Microsoft Visual Studio Solution File, Format Version 12.00
# Visual Studio Version 17
VisualStudioVersion = 17.0.32112.339
MinimumVisualStudioVersion = 10.0.40219.1
Project("{9A19103F-16F7-4668-BE54-9A1E7A4F7556}") = "P02_Database_First", "P02_Database_First\P02_Database_First.csproj", "{52B8B722-C370-4ED7-833B-F3671B04E863}"
EndProject
Project("{9A19103F-16F7-4668-BE54-9A1E7A4F7556}") = "P03_Employees_Full_Information", "P03_Employees_Full_Information\P03_Employees_Full_Information.csproj", "{41238F18-EE89-435A-88E5-9BBD520F3941}"
EndProject
Project("{9A19103F-16F7-4668-BE54-9A1E7A4F7556}") = "P04_Employees_With_Salary_Over_50000", "P04_Employees_With_Salary_Over_50000\P04_Employees_With_Salary_Over_50000.csproj", "{44328C4B-4514-4F55-8B56-8746B01B609C}"
EndProject
Project("{9A19103F-16F7-4668-BE54-9A1E7A4F7556}") = "P05_Employees_From_Research_And_Development", "P05_Employees_From_Research_And_Development\P05_Employees_From_Research_And_Development.csproj", "{E889DA88-362B-4AA2-835E-5AD11DF48B77}"
EndProject
Project("{FAE04EC0-301F-11D3-BF4B-00C04F79EFBC}") = "P06_Adding_New_Address_Update_Employee", "P06_Adding_New_Address_Update_Employee\P06_Adding_New_Address_Update_Employee.csproj", "{22EF4FE2-DCB1-497F-8166-DB2F328E26E7}"
EndProject
Project("{FAE04EC0-301F-11D3-BF4B-00C04F79EFBC}") = "P07_Employees_And_Projects", "P07_Employees_And_Projects\P07_Employees_And_Projects.csproj", "{F4EABE4A-15FA-473D-A7E6-6CEB2B49D02F}"
EndProject
Global
	GlobalSection(SolutionConfigurationPlatforms) = preSolution
		Debug|Any CPU = Debug|Any CPU
		Release|Any CPU = Release|Any CPU
	EndGlobalSection
	GlobalSection(ProjectConfigurationPlatforms) = postSolution
		{52B8B722-C370-4ED7-833B-F3671B04E863}.Debug|Any CPU.ActiveCfg = Debug|Any CPU
		{52B8B722-C370-4ED7-833B-F3671B04E863}.Debug|Any CPU.Build.0 = Debug|Any CPU
		{52B8B722-C370-4ED7-833B-F3671B04E863}.Release|Any CPU.ActiveCfg = Release|Any CPU
		{52B8B722-C370-4ED7-833B-F3671B04E863}.Release|Any CPU.Build.0 = Release|Any CPU
		{41238F18-EE89-435A-88E5-9BBD520F3941}.Debug|Any CPU.ActiveCfg = Debug|Any CPU
		{41238F18-EE89-435A-88E5-9BBD520F3941}.Debug|Any CPU.Build.0 = Debug|Any CPU
		{41238F18-EE89-435A-88E5-9BBD520F3941}.Release|Any CPU.ActiveCfg = Release|Any CPU
		{41238F18-EE89-435A-88E5-9BBD520F3941}.Release|Any CPU.Build.0 = Release|Any CPU
		{44328C4B-4514-4F55-8B56-8746B01B609C}.Debug|Any CPU.ActiveCfg = Debug|Any CPU
		{44328C4B-4514-4F55-8B56-8746B01B609C}.Debug|Any CPU.Build.0 = Debug|Any CPU
		{44328C4B-4514-4F55-8B56-8746B01B609C}.Release|Any CPU.ActiveCfg = Release|Any CPU
		{44328C4B-4514-4F55-8B56-8746B01B609C}.Release|Any CPU.Build.0 = Release|Any CPU
		{E889DA88-362B-4AA2-835E-5AD11DF48B77}.Debug|Any CPU.ActiveCfg = Debug|Any CPU
		{E889DA88-362B-4AA2-835E-5AD11DF48B77}.Debug|Any CPU.Build.0 = Debug|Any CPU
		{E889DA88-362B-4AA2-835E-5AD11DF48B77}.Release|Any CPU.ActiveCfg = Release|Any CPU
		{E889DA88-362B-4AA2-835E-5AD11DF48B77}.Release|Any CPU.Build.0 = Release|Any CPU
		{22EF4FE2-DCB1-497F-8166-DB2F328E26E7}.Debug|Any CPU.ActiveCfg = Debug|Any CPU
		{22EF4FE2-DCB1-497F-8166-DB2F328E26E7}.Debug|Any CPU.Build.0 = Debug|Any CPU
		{22EF4FE2-DCB1-497F-8166-DB2F328E26E7}.Release|Any CPU.ActiveCfg = Release|Any CPU
		{22EF4FE2-DCB1-497F-8166-DB2F328E26E7}.Release|Any CPU.Build.0 = Release|Any CPU
		{F4EABE4A-15FA-473D-A7E6-6CEB2B49D02F}.Debug|Any CPU.ActiveCfg = Debug|Any CPU
		{F4EABE4A-15FA-473D-A7E6-6CEB2B49D02F}.Debug|Any CPU.Build.0 = Debug|Any CPU
		{F4EABE4A-15FA-473D-A7E6-6CEB2B49D02F}.Release|Any CPU.ActiveCfg = Release|Any CPU
		{F4EABE4A-15FA-473D-A7E6-6CEB2B49D02F}.Release|Any CPU.Build.0 = Release|Any CPU
	EndGlobalSection
	GlobalSection(SolutionProperties) = preSolution
		HideSolutionNode = FALSE
	EndGlobalSection
	GlobalSection(ExtensibilityGlobals) = postSolution
		SolutionGuid = {A1D457BC-BC16-4381-88FC-CD49B98BB4A9}
	EndGlobalSection
EndGlobal
