
Microsoft Visual Studio Solution File, Format Version 12.00
# Visual Studio Version 17
VisualStudioVersion = 17.0.32112.339
MinimumVisualStudioVersion = 10.0.40219.1
Project("{FAE04EC0-301F-11D3-BF4B-00C04F79EFBC}") = "ProductsShop.Models", "ProductsShop.Models\ProductsShop.Models.csproj", "{54FC43C8-57AB-49DD-BA6B-1743A69C7C5D}"
EndProject
Project("{FAE04EC0-301F-11D3-BF4B-00C04F79EFBC}") = "ProductsShop.Data", "ProductsShop.Data\ProductsShop.Data.csproj", "{2353EBA2-095C-4985-86A8-D112C989C67B}"
EndProject
Project("{FAE04EC0-301F-11D3-BF4B-00C04F79EFBC}") = "ProductsShop.StartUp", "ProductsShop.StartUp\ProductsShop.StartUp.csproj", "{5F6E93A1-DA60-40BE-9E84-EB72B5548DD9}"
EndProject
Global
	GlobalSection(SolutionConfigurationPlatforms) = preSolution
		Debug|Any CPU = Debug|Any CPU
		Release|Any CPU = Release|Any CPU
	EndGlobalSection
	GlobalSection(ProjectConfigurationPlatforms) = postSolution
		{54FC43C8-57AB-49DD-BA6B-1743A69C7C5D}.Debug|Any CPU.ActiveCfg = Debug|Any CPU
		{54FC43C8-57AB-49DD-BA6B-1743A69C7C5D}.Debug|Any CPU.Build.0 = Debug|Any CPU
		{54FC43C8-57AB-49DD-BA6B-1743A69C7C5D}.Release|Any CPU.ActiveCfg = Release|Any CPU
		{54FC43C8-57AB-49DD-BA6B-1743A69C7C5D}.Release|Any CPU.Build.0 = Release|Any CPU
		{2353EBA2-095C-4985-86A8-D112C989C67B}.Debug|Any CPU.ActiveCfg = Debug|Any CPU
		{2353EBA2-095C-4985-86A8-D112C989C67B}.Debug|Any CPU.Build.0 = Debug|Any CPU
		{2353EBA2-095C-4985-86A8-D112C989C67B}.Release|Any CPU.ActiveCfg = Release|Any CPU
		{2353EBA2-095C-4985-86A8-D112C989C67B}.Release|Any CPU.Build.0 = Release|Any CPU
		{5F6E93A1-DA60-40BE-9E84-EB72B5548DD9}.Debug|Any CPU.ActiveCfg = Debug|Any CPU
		{5F6E93A1-DA60-40BE-9E84-EB72B5548DD9}.Debug|Any CPU.Build.0 = Debug|Any CPU
		{5F6E93A1-DA60-40BE-9E84-EB72B5548DD9}.Release|Any CPU.ActiveCfg = Release|Any CPU
		{5F6E93A1-DA60-40BE-9E84-EB72B5548DD9}.Release|Any CPU.Build.0 = Release|Any CPU
	EndGlobalSection
	GlobalSection(SolutionProperties) = preSolution
		HideSolutionNode = FALSE
	EndGlobalSection
	GlobalSection(ExtensibilityGlobals) = postSolution
		SolutionGuid = {DA21A32B-0DCF-4B84-90C0-7E4E7ABA65B2}
	EndGlobalSection
EndGlobal
